
Microsoft Visual Studio Solution File, Format Version 10.00
# Visual Studio 2008
Project("{FAE04EC0-301F-11D3-BF4B-00C04F79EFBC}") = "CNC", "CNC.csproj", "{6F5C2B31-9CB0-4550-8984-CC0D91E21A10}"
EndProject
Global
	GlobalSection(SolutionConfigurationPlatforms) = preSolution
		Debug|Any CPU = Debug|Any CPU
		Release|Any CPU = Release|Any CPU
	EndGlobalSection
	GlobalSection(ProjectConfigurationPlatforms) = postSolution
		{6F5C2B31-9CB0-4550-8984-CC0D91E21A10}.Debug|Any CPU.ActiveCfg = Debug|Any CPU
		{6F5C2B31-9CB0-4550-8984-CC0D91E21A10}.Debug|Any CPU.Build.0 = Debug|Any CPU
		{6F5C2B31-9CB0-4550-8984-CC0D91E21A10}.Release|Any CPU.ActiveCfg = Release|Any CPU
		{6F5C2B31-9CB0-4550-8984-CC0D91E21A10}.Release|Any CPU.Build.0 = Release|Any CPU
	EndGlobalSection
	GlobalSection(SolutionProperties) = preSolution
		HideSolutionNode = FALSE
	EndGlobalSection
EndGlobal
